// !$*UTF8*$!
{
	archiveVersion = 1;
	classes = {
	};
	objectVersion = 56;
	objects = {

/* Begin PBXBuildFile section */
		5B4D1F792B54B1F1004C7619 /* UserDefaultManager.swift in Sources */ = {isa = PBXBuildFile; fileRef = 5B4D1F782B54B1F1004C7619 /* UserDefaultManager.swift */; };
		5B4D1F7B2B54B20B004C7619 /* UserDefaultWrapper.swift in Sources */ = {isa = PBXBuildFile; fileRef = 5B4D1F7A2B54B20B004C7619 /* UserDefaultWrapper.swift */; };
		5B6CA66B2B53FFA10095C28A /* User.swift in Sources */ = {isa = PBXBuildFile; fileRef = 5B6CA66A2B53FFA10095C28A /* User.swift */; };
		5B6CA66D2B53FFB40095C28A /* ChatRoom.swift in Sources */ = {isa = PBXBuildFile; fileRef = 5B6CA66C2B53FFB40095C28A /* ChatRoom.swift */; };
		5B6CA66F2B53FFC20095C28A /* Chat.swift in Sources */ = {isa = PBXBuildFile; fileRef = 5B6CA66E2B53FFC20095C28A /* Chat.swift */; };
		5B6CA6762B5400900095C28A /* MockChatData.swift in Sources */ = {isa = PBXBuildFile; fileRef = 5B6CA6752B5400900095C28A /* MockChatData.swift */; };
		5B6CA67B2B540B420095C28A /* ChatListViewController.swift in Sources */ = {isa = PBXBuildFile; fileRef = 5B6CA67A2B540B420095C28A /* ChatListViewController.swift */; };
		5B6CA67D2B540B5E0095C28A /* ChatDetailViewController.swift in Sources */ = {isa = PBXBuildFile; fileRef = 5B6CA67C2B540B5E0095C28A /* ChatDetailViewController.swift */; };
		5B6CA6842B540BB20095C28A /* OtherChatMessageCell.swift in Sources */ = {isa = PBXBuildFile; fileRef = 5B6CA6822B540BB20095C28A /* OtherChatMessageCell.swift */; };
		5B6CA6852B540BB20095C28A /* OtherChatMessageCell.xib in Resources */ = {isa = PBXBuildFile; fileRef = 5B6CA6832B540BB20095C28A /* OtherChatMessageCell.xib */; };
		5B6CA6882B540BC70095C28A /* MeChatMessageCell.swift in Sources */ = {isa = PBXBuildFile; fileRef = 5B6CA6862B540BC70095C28A /* MeChatMessageCell.swift */; };
		5B6CA6892B540BC70095C28A /* MeChatMessageCell.xib in Resources */ = {isa = PBXBuildFile; fileRef = 5B6CA6872B540BC70095C28A /* MeChatMessageCell.xib */; };
		5B6CA68B2B540C2D0095C28A /* ChatDetailViewController.storyboard in Resources */ = {isa = PBXBuildFile; fileRef = 5B6CA68A2B540C2D0095C28A /* ChatDetailViewController.storyboard */; };
		5B6CA68D2B540C4C0095C28A /* ChatListViewController.storyboard in Resources */ = {isa = PBXBuildFile; fileRef = 5B6CA68C2B540C4C0095C28A /* ChatListViewController.storyboard */; };
		5B6CA69B2B5417690095C28A /* ChatRoomListCell.swift in Sources */ = {isa = PBXBuildFile; fileRef = 5B6CA6992B5417690095C28A /* ChatRoomListCell.swift */; };
		5B6CA69C2B5417690095C28A /* ChatRoomListCell.xib in Resources */ = {isa = PBXBuildFile; fileRef = 5B6CA69A2B5417690095C28A /* ChatRoomListCell.xib */; };
		5BC434E22B5BA26800A20B4D /* CellBaseConfiguration.swift in Sources */ = {isa = PBXBuildFile; fileRef = 5BC434E12B5BA26800A20B4D /* CellBaseConfiguration.swift */; };
		5BC434E42B5BA97900A20B4D /* String+extension.swift in Sources */ = {isa = PBXBuildFile; fileRef = 5BC434E32B5BA97900A20B4D /* String+extension.swift */; };
		5BC434E62B5BAE2F00A20B4D /* VCBaseConfiguration.swift in Sources */ = {isa = PBXBuildFile; fileRef = 5BC434E52B5BAE2F00A20B4D /* VCBaseConfiguration.swift */; };
		5BEAF3AA2B538EFF00C8BB6F /* AppDelegate.swift in Sources */ = {isa = PBXBuildFile; fileRef = 5BEAF3A92B538EFF00C8BB6F /* AppDelegate.swift */; };
		5BEAF3AC2B538EFF00C8BB6F /* SceneDelegate.swift in Sources */ = {isa = PBXBuildFile; fileRef = 5BEAF3AB2B538EFF00C8BB6F /* SceneDelegate.swift */; };
		5BEAF3AE2B538EFF00C8BB6F /* ViewController.swift in Sources */ = {isa = PBXBuildFile; fileRef = 5BEAF3AD2B538EFF00C8BB6F /* ViewController.swift */; };
		5BEAF3B12B538EFF00C8BB6F /* Main.storyboard in Resources */ = {isa = PBXBuildFile; fileRef = 5BEAF3AF2B538EFF00C8BB6F /* Main.storyboard */; };
		5BEAF3B32B538F0000C8BB6F /* Assets.xcassets in Resources */ = {isa = PBXBuildFile; fileRef = 5BEAF3B22B538F0000C8BB6F /* Assets.xcassets */; };
		5BEAF3B62B538F0000C8BB6F /* LaunchScreen.storyboard in Resources */ = {isa = PBXBuildFile; fileRef = 5BEAF3B42B538F0000C8BB6F /* LaunchScreen.storyboard */; };
		5BEAF3BF2B53B21600C8BB6F /* Kingfisher in Frameworks */ = {isa = PBXBuildFile; productRef = 5BEAF3BE2B53B21600C8BB6F /* Kingfisher */; };
		5BEAF3C52B53B27E00C8BB6F /* Date+Extension.swift in Sources */ = {isa = PBXBuildFile; fileRef = 5BEAF3C42B53B27E00C8BB6F /* Date+Extension.swift */; };
/* End PBXBuildFile section */

/* Begin PBXFileReference section */
		5B4D1F782B54B1F1004C7619 /* UserDefaultManager.swift */ = {isa = PBXFileReference; lastKnownFileType = sourcecode.swift; path = UserDefaultManager.swift; sourceTree = "<group>"; };
		5B4D1F7A2B54B20B004C7619 /* UserDefaultWrapper.swift */ = {isa = PBXFileReference; lastKnownFileType = sourcecode.swift; path = UserDefaultWrapper.swift; sourceTree = "<group>"; };
		5B6CA66A2B53FFA10095C28A /* User.swift */ = {isa = PBXFileReference; lastKnownFileType = sourcecode.swift; path = User.swift; sourceTree = "<group>"; };
		5B6CA66C2B53FFB40095C28A /* ChatRoom.swift */ = {isa = PBXFileReference; lastKnownFileType = sourcecode.swift; path = ChatRoom.swift; sourceTree = "<group>"; };
		5B6CA66E2B53FFC20095C28A /* Chat.swift */ = {isa = PBXFileReference; lastKnownFileType = sourcecode.swift; path = Chat.swift; sourceTree = "<group>"; };
		5B6CA6752B5400900095C28A /* MockChatData.swift */ = {isa = PBXFileReference; lastKnownFileType = sourcecode.swift; path = MockChatData.swift; sourceTree = "<group>"; };
		5B6CA67A2B540B420095C28A /* ChatListViewController.swift */ = {isa = PBXFileReference; lastKnownFileType = sourcecode.swift; path = ChatListViewController.swift; sourceTree = "<group>"; };
		5B6CA67C2B540B5E0095C28A /* ChatDetailViewController.swift */ = {isa = PBXFileReference; lastKnownFileType = sourcecode.swift; path = ChatDetailViewController.swift; sourceTree = "<group>"; };
		5B6CA6822B540BB20095C28A /* OtherChatMessageCell.swift */ = {isa = PBXFileReference; lastKnownFileType = sourcecode.swift; path = OtherChatMessageCell.swift; sourceTree = "<group>"; };
		5B6CA6832B540BB20095C28A /* OtherChatMessageCell.xib */ = {isa = PBXFileReference; lastKnownFileType = file.xib; path = OtherChatMessageCell.xib; sourceTree = "<group>"; };
		5B6CA6862B540BC70095C28A /* MeChatMessageCell.swift */ = {isa = PBXFileReference; lastKnownFileType = sourcecode.swift; path = MeChatMessageCell.swift; sourceTree = "<group>"; };
		5B6CA6872B540BC70095C28A /* MeChatMessageCell.xib */ = {isa = PBXFileReference; lastKnownFileType = file.xib; path = MeChatMessageCell.xib; sourceTree = "<group>"; };
		5B6CA68A2B540C2D0095C28A /* ChatDetailViewController.storyboard */ = {isa = PBXFileReference; lastKnownFileType = file.storyboard; path = ChatDetailViewController.storyboard; sourceTree = "<group>"; };
		5B6CA68C2B540C4C0095C28A /* ChatListViewController.storyboard */ = {isa = PBXFileReference; lastKnownFileType = file.storyboard; path = ChatListViewController.storyboard; sourceTree = "<group>"; };
		5B6CA6992B5417690095C28A /* ChatRoomListCell.swift */ = {isa = PBXFileReference; lastKnownFileType = sourcecode.swift; path = ChatRoomListCell.swift; sourceTree = "<group>"; };
		5B6CA69A2B5417690095C28A /* ChatRoomListCell.xib */ = {isa = PBXFileReference; lastKnownFileType = file.xib; path = ChatRoomListCell.xib; sourceTree = "<group>"; };
		5BC434E12B5BA26800A20B4D /* CellBaseConfiguration.swift */ = {isa = PBXFileReference; lastKnownFileType = sourcecode.swift; path = CellBaseConfiguration.swift; sourceTree = "<group>"; };
		5BC434E32B5BA97900A20B4D /* String+extension.swift */ = {isa = PBXFileReference; lastKnownFileType = sourcecode.swift; path = "String+extension.swift"; sourceTree = "<group>"; };
		5BC434E52B5BAE2F00A20B4D /* VCBaseConfiguration.swift */ = {isa = PBXFileReference; lastKnownFileType = sourcecode.swift; path = VCBaseConfiguration.swift; sourceTree = "<group>"; };
		5BEAF3A62B538EFF00C8BB6F /* TravelTalk.app */ = {isa = PBXFileReference; explicitFileType = wrapper.application; includeInIndex = 0; path = TravelTalk.app; sourceTree = BUILT_PRODUCTS_DIR; };
		5BEAF3A92B538EFF00C8BB6F /* AppDelegate.swift */ = {isa = PBXFileReference; lastKnownFileType = sourcecode.swift; path = AppDelegate.swift; sourceTree = "<group>"; };
		5BEAF3AB2B538EFF00C8BB6F /* SceneDelegate.swift */ = {isa = PBXFileReference; lastKnownFileType = sourcecode.swift; path = SceneDelegate.swift; sourceTree = "<group>"; };
		5BEAF3AD2B538EFF00C8BB6F /* ViewController.swift */ = {isa = PBXFileReference; lastKnownFileType = sourcecode.swift; path = ViewController.swift; sourceTree = "<group>"; };
		5BEAF3B02B538EFF00C8BB6F /* Base */ = {isa = PBXFileReference; lastKnownFileType = file.storyboard; name = Base; path = Base.lproj/Main.storyboard; sourceTree = "<group>"; };
		5BEAF3B22B538F0000C8BB6F /* Assets.xcassets */ = {isa = PBXFileReference; lastKnownFileType = folder.assetcatalog; path = Assets.xcassets; sourceTree = "<group>"; };
		5BEAF3B52B538F0000C8BB6F /* Base */ = {isa = PBXFileReference; lastKnownFileType = file.storyboard; name = Base; path = Base.lproj/LaunchScreen.storyboard; sourceTree = "<group>"; };
		5BEAF3B72B538F0000C8BB6F /* Info.plist */ = {isa = PBXFileReference; lastKnownFileType = text.plist.xml; path = Info.plist; sourceTree = "<group>"; };
		5BEAF3C42B53B27E00C8BB6F /* Date+Extension.swift */ = {isa = PBXFileReference; lastKnownFileType = sourcecode.swift; path = "Date+Extension.swift"; sourceTree = "<group>"; };
/* End PBXFileReference section */

/* Begin PBXFrameworksBuildPhase section */
		5BEAF3A32B538EFF00C8BB6F /* Frameworks */ = {
			isa = PBXFrameworksBuildPhase;
			buildActionMask = 2147483647;
			files = (
				5BEAF3BF2B53B21600C8BB6F /* Kingfisher in Frameworks */,
			);
			runOnlyForDeploymentPostprocessing = 0;
		};
/* End PBXFrameworksBuildPhase section */

/* Begin PBXGroup section */
		5B4D1F772B54B1E1004C7619 /* Manager */ = {
			isa = PBXGroup;
			children = (
				5B4D1F782B54B1F1004C7619 /* UserDefaultManager.swift */,
				5B4D1F7A2B54B20B004C7619 /* UserDefaultWrapper.swift */,
			);
			path = Manager;
			sourceTree = "<group>";
		};
		5B6CA6712B5400430095C28A /* Drivers */ = {
			isa = PBXGroup;
			children = (
				5B6CA6742B5400610095C28A /* DataGeneration */,
			);
			path = Drivers;
			sourceTree = "<group>";
		};
		5B6CA6742B5400610095C28A /* DataGeneration */ = {
			isa = PBXGroup;
			children = (
				5B6CA6752B5400900095C28A /* MockChatData.swift */,
			);
			path = DataGeneration;
			sourceTree = "<group>";
		};
		5B6CA68E2B540D840095C28A /* Feature */ = {
			isa = PBXGroup;
			children = (
				5B6CA6932B540DC40095C28A /* Common */,
				5B6CA6902B540DAA0095C28A /* ChatDetail */,
				5B6CA68F2B540D900095C28A /* ChatList */,
			);
			path = Feature;
			sourceTree = "<group>";
		};
		5B6CA68F2B540D900095C28A /* ChatList */ = {
			isa = PBXGroup;
			children = (
				5B6CA6922B540DBD0095C28A /* View */,
				5B6CA6912B540DB60095C28A /* Controller */,
			);
			path = ChatList;
			sourceTree = "<group>";
		};
		5B6CA6902B540DAA0095C28A /* ChatDetail */ = {
			isa = PBXGroup;
			children = (
				5B6CA6962B540E370095C28A /* View */,
				5B6CA6952B540DF70095C28A /* Controller */,
			);
			path = ChatDetail;
			sourceTree = "<group>";
		};
		5B6CA6912B540DB60095C28A /* Controller */ = {
			isa = PBXGroup;
			children = (
				5B6CA67A2B540B420095C28A /* ChatListViewController.swift */,
			);
			path = Controller;
			sourceTree = "<group>";
		};
		5B6CA6922B540DBD0095C28A /* View */ = {
			isa = PBXGroup;
			children = (
				5B6CA68C2B540C4C0095C28A /* ChatListViewController.storyboard */,
				5B6CA6992B5417690095C28A /* ChatRoomListCell.swift */,
				5B6CA69A2B5417690095C28A /* ChatRoomListCell.xib */,
			);
			path = View;
			sourceTree = "<group>";
		};
		5B6CA6932B540DC40095C28A /* Common */ = {
			isa = PBXGroup;
			children = (
				5BC434E02B5BA24D00A20B4D /* Protocol */,
				5B4D1F772B54B1E1004C7619 /* Manager */,
				5B6CA6712B5400430095C28A /* Drivers */,
				5BEAF3C32B53B27600C8BB6F /* Extension */,
				5BEAF3C02B53B25100C8BB6F /* Model */,
			);
			path = Common;
			sourceTree = "<group>";
		};
		5B6CA6952B540DF70095C28A /* Controller */ = {
			isa = PBXGroup;
			children = (
				5B6CA67C2B540B5E0095C28A /* ChatDetailViewController.swift */,
			);
			path = Controller;
			sourceTree = "<group>";
		};
		5B6CA6962B540E370095C28A /* View */ = {
			isa = PBXGroup;
			children = (
				5B6CA68A2B540C2D0095C28A /* ChatDetailViewController.storyboard */,
				5B6CA6822B540BB20095C28A /* OtherChatMessageCell.swift */,
				5B6CA6832B540BB20095C28A /* OtherChatMessageCell.xib */,
				5B6CA6862B540BC70095C28A /* MeChatMessageCell.swift */,
				5B6CA6872B540BC70095C28A /* MeChatMessageCell.xib */,
			);
			path = View;
			sourceTree = "<group>";
		};
		5B6CA6982B540E470095C28A /* Application */ = {
			isa = PBXGroup;
			children = (
				5BEAF3AF2B538EFF00C8BB6F /* Main.storyboard */,
				5BEAF3A92B538EFF00C8BB6F /* AppDelegate.swift */,
				5BEAF3AB2B538EFF00C8BB6F /* SceneDelegate.swift */,
				5BEAF3AD2B538EFF00C8BB6F /* ViewController.swift */,
			);
			path = Application;
			sourceTree = "<group>";
		};
		5BC434E02B5BA24D00A20B4D /* Protocol */ = {
			isa = PBXGroup;
			children = (
				5BC434E12B5BA26800A20B4D /* CellBaseConfiguration.swift */,
				5BC434E52B5BAE2F00A20B4D /* VCBaseConfiguration.swift */,
			);
			path = Protocol;
			sourceTree = "<group>";
		};
		5BEAF39D2B538EFF00C8BB6F = {
			isa = PBXGroup;
			children = (
				5BEAF3A82B538EFF00C8BB6F /* TravelTalk */,
				5BEAF3A72B538EFF00C8BB6F /* Products */,
			);
			sourceTree = "<group>";
		};
		5BEAF3A72B538EFF00C8BB6F /* Products */ = {
			isa = PBXGroup;
			children = (
				5BEAF3A62B538EFF00C8BB6F /* TravelTalk.app */,
			);
			name = Products;
			sourceTree = "<group>";
		};
		5BEAF3A82B538EFF00C8BB6F /* TravelTalk */ = {
			isa = PBXGroup;
			children = (
				5B6CA6982B540E470095C28A /* Application */,
				5B6CA68E2B540D840095C28A /* Feature */,
				5BEAF3B22B538F0000C8BB6F /* Assets.xcassets */,
				5BEAF3B42B538F0000C8BB6F /* LaunchScreen.storyboard */,
				5BEAF3B72B538F0000C8BB6F /* Info.plist */,
			);
			path = TravelTalk;
			sourceTree = "<group>";
		};
		5BEAF3C02B53B25100C8BB6F /* Model */ = {
			isa = PBXGroup;
			children = (
				5B6CA66A2B53FFA10095C28A /* User.swift */,
				5B6CA66C2B53FFB40095C28A /* ChatRoom.swift */,
				5B6CA66E2B53FFC20095C28A /* Chat.swift */,
			);
			path = Model;
			sourceTree = "<group>";
		};
		5BEAF3C32B53B27600C8BB6F /* Extension */ = {
			isa = PBXGroup;
			children = (
				5BEAF3C42B53B27E00C8BB6F /* Date+Extension.swift */,
				5BC434E32B5BA97900A20B4D /* String+extension.swift */,
			);
			path = Extension;
			sourceTree = "<group>";
		};
/* End PBXGroup section */

/* Begin PBXNativeTarget section */
		5BEAF3A52B538EFF00C8BB6F /* TravelTalk */ = {
			isa = PBXNativeTarget;
			buildConfigurationList = 5BEAF3BA2B538F0000C8BB6F /* Build configuration list for PBXNativeTarget "TravelTalk" */;
			buildPhases = (
				5BEAF3A22B538EFF00C8BB6F /* Sources */,
				5BEAF3A32B538EFF00C8BB6F /* Frameworks */,
				5BEAF3A42B538EFF00C8BB6F /* Resources */,
			);
			buildRules = (
			);
			dependencies = (
			);
			name = TravelTalk;
			packageProductDependencies = (
				5BEAF3BE2B53B21600C8BB6F /* Kingfisher */,
			);
			productName = TravelTalk;
			productReference = 5BEAF3A62B538EFF00C8BB6F /* TravelTalk.app */;
			productType = "com.apple.product-type.application";
		};
/* End PBXNativeTarget section */

/* Begin PBXProject section */
		5BEAF39E2B538EFF00C8BB6F /* Project object */ = {
			isa = PBXProject;
			attributes = {
				BuildIndependentTargetsInParallel = 1;
				LastSwiftUpdateCheck = 1520;
				LastUpgradeCheck = 1520;
				TargetAttributes = {
					5BEAF3A52B538EFF00C8BB6F = {
						CreatedOnToolsVersion = 15.2;
					};
				};
			};
			buildConfigurationList = 5BEAF3A12B538EFF00C8BB6F /* Build configuration list for PBXProject "TravelTalk" */;
			compatibilityVersion = "Xcode 14.0";
			developmentRegion = en;
			hasScannedForEncodings = 0;
			knownRegions = (
				en,
				Base,
			);
			mainGroup = 5BEAF39D2B538EFF00C8BB6F;
			packageReferences = (
				5BEAF3BD2B53B21600C8BB6F /* XCRemoteSwiftPackageReference "Kingfisher" */,
			);
			productRefGroup = 5BEAF3A72B538EFF00C8BB6F /* Products */;
			projectDirPath = "";
			projectRoot = "";
			targets = (
				5BEAF3A52B538EFF00C8BB6F /* TravelTalk */,
			);
		};
/* End PBXProject section */

/* Begin PBXResourcesBuildPhase section */
		5BEAF3A42B538EFF00C8BB6F /* Resources */ = {
			isa = PBXResourcesBuildPhase;
			buildActionMask = 2147483647;
			files = (
				5B6CA6892B540BC70095C28A /* MeChatMessageCell.xib in Resources */,
				5B6CA68D2B540C4C0095C28A /* ChatListViewController.storyboard in Resources */,
				5B6CA6852B540BB20095C28A /* OtherChatMessageCell.xib in Resources */,
				5BEAF3B62B538F0000C8BB6F /* LaunchScreen.storyboard in Resources */,
				5BEAF3B32B538F0000C8BB6F /* Assets.xcassets in Resources */,
				5B6CA68B2B540C2D0095C28A /* ChatDetailViewController.storyboard in Resources */,
				5B6CA69C2B5417690095C28A /* ChatRoomListCell.xib in Resources */,
				5BEAF3B12B538EFF00C8BB6F /* Main.storyboard in Resources */,
			);
			runOnlyForDeploymentPostprocessing = 0;
		};
/* End PBXResourcesBuildPhase section */

/* Begin PBXSourcesBuildPhase section */
		5BEAF3A22B538EFF00C8BB6F /* Sources */ = {
			isa = PBXSourcesBuildPhase;
			buildActionMask = 2147483647;
			files = (
				5BC434E62B5BAE2F00A20B4D /* VCBaseConfiguration.swift in Sources */,
				5B6CA6842B540BB20095C28A /* OtherChatMessageCell.swift in Sources */,
				5B6CA67D2B540B5E0095C28A /* ChatDetailViewController.swift in Sources */,
				5B6CA69B2B5417690095C28A /* ChatRoomListCell.swift in Sources */,
				5BEAF3C52B53B27E00C8BB6F /* Date+Extension.swift in Sources */,
				5BEAF3AE2B538EFF00C8BB6F /* ViewController.swift in Sources */,
				5BC434E42B5BA97900A20B4D /* String+extension.swift in Sources */,
				5B6CA66B2B53FFA10095C28A /* User.swift in Sources */,
				5B4D1F7B2B54B20B004C7619 /* UserDefaultWrapper.swift in Sources */,
				5B4D1F792B54B1F1004C7619 /* UserDefaultManager.swift in Sources */,
				5B6CA6882B540BC70095C28A /* MeChatMessageCell.swift in Sources */,
				5BC434E22B5BA26800A20B4D /* CellBaseConfiguration.swift in Sources */,
				5B6CA67B2B540B420095C28A /* ChatListViewController.swift in Sources */,
				5B6CA66D2B53FFB40095C28A /* ChatRoom.swift in Sources */,
				5B6CA66F2B53FFC20095C28A /* Chat.swift in Sources */,
				5B6CA6762B5400900095C28A /* MockChatData.swift in Sources */,
				5BEAF3AA2B538EFF00C8BB6F /* AppDelegate.swift in Sources */,
				5BEAF3AC2B538EFF00C8BB6F /* SceneDelegate.swift in Sources */,
			);
			runOnlyForDeploymentPostprocessing = 0;
		};
/* End PBXSourcesBuildPhase section */

/* Begin PBXVariantGroup section */
		5BEAF3AF2B538EFF00C8BB6F /* Main.storyboard */ = {
			isa = PBXVariantGroup;
			children = (
				5BEAF3B02B538EFF00C8BB6F /* Base */,
			);
			name = Main.storyboard;
			sourceTree = "<group>";
		};
		5BEAF3B42B538F0000C8BB6F /* LaunchScreen.storyboard */ = {
			isa = PBXVariantGroup;
			children = (
				5BEAF3B52B538F0000C8BB6F /* Base */,
			);
			name = LaunchScreen.storyboard;
			sourceTree = "<group>";
		};
/* End PBXVariantGroup section */

/* Begin XCBuildConfiguration section */
		5BEAF3B82B538F0000C8BB6F /* Debug */ = {
			isa = XCBuildConfiguration;
			buildSettings = {
				ALWAYS_SEARCH_USER_PATHS = NO;
				ASSETCATALOG_COMPILER_GENERATE_SWIFT_ASSET_SYMBOL_EXTENSIONS = YES;
				CLANG_ANALYZER_NONNULL = YES;
				CLANG_ANALYZER_NUMBER_OBJECT_CONVERSION = YES_AGGRESSIVE;
				CLANG_CXX_LANGUAGE_STANDARD = "gnu++20";
				CLANG_ENABLE_MODULES = YES;
				CLANG_ENABLE_OBJC_ARC = YES;
				CLANG_ENABLE_OBJC_WEAK = YES;
				CLANG_WARN_BLOCK_CAPTURE_AUTORELEASING = YES;
				CLANG_WARN_BOOL_CONVERSION = YES;
				CLANG_WARN_COMMA = YES;
				CLANG_WARN_CONSTANT_CONVERSION = YES;
				CLANG_WARN_DEPRECATED_OBJC_IMPLEMENTATIONS = YES;
				CLANG_WARN_DIRECT_OBJC_ISA_USAGE = YES_ERROR;
				CLANG_WARN_DOCUMENTATION_COMMENTS = YES;
				CLANG_WARN_EMPTY_BODY = YES;
				CLANG_WARN_ENUM_CONVERSION = YES;
				CLANG_WARN_INFINITE_RECURSION = YES;
				CLANG_WARN_INT_CONVERSION = YES;
				CLANG_WARN_NON_LITERAL_NULL_CONVERSION = YES;
				CLANG_WARN_OBJC_IMPLICIT_RETAIN_SELF = YES;
				CLANG_WARN_OBJC_LITERAL_CONVERSION = YES;
				CLANG_WARN_OBJC_ROOT_CLASS = YES_ERROR;
				CLANG_WARN_QUOTED_INCLUDE_IN_FRAMEWORK_HEADER = YES;
				CLANG_WARN_RANGE_LOOP_ANALYSIS = YES;
				CLANG_WARN_STRICT_PROTOTYPES = YES;
				CLANG_WARN_SUSPICIOUS_MOVE = YES;
				CLANG_WARN_UNGUARDED_AVAILABILITY = YES_AGGRESSIVE;
				CLANG_WARN_UNREACHABLE_CODE = YES;
				CLANG_WARN__DUPLICATE_METHOD_MATCH = YES;
				COPY_PHASE_STRIP = NO;
				DEBUG_INFORMATION_FORMAT = dwarf;
				ENABLE_STRICT_OBJC_MSGSEND = YES;
				ENABLE_TESTABILITY = YES;
				ENABLE_USER_SCRIPT_SANDBOXING = YES;
				GCC_C_LANGUAGE_STANDARD = gnu17;
				GCC_DYNAMIC_NO_PIC = NO;
				GCC_NO_COMMON_BLOCKS = YES;
				GCC_OPTIMIZATION_LEVEL = 0;
				GCC_PREPROCESSOR_DEFINITIONS = (
					"DEBUG=1",
					"$(inherited)",
				);
				GCC_WARN_64_TO_32_BIT_CONVERSION = YES;
				GCC_WARN_ABOUT_RETURN_TYPE = YES_ERROR;
				GCC_WARN_UNDECLARED_SELECTOR = YES;
				GCC_WARN_UNINITIALIZED_AUTOS = YES_AGGRESSIVE;
				GCC_WARN_UNUSED_FUNCTION = YES;
				GCC_WARN_UNUSED_VARIABLE = YES;
				IPHONEOS_DEPLOYMENT_TARGET = 17.2;
				LOCALIZATION_PREFERS_STRING_CATALOGS = YES;
				MTL_ENABLE_DEBUG_INFO = INCLUDE_SOURCE;
				MTL_FAST_MATH = YES;
				ONLY_ACTIVE_ARCH = YES;
				SDKROOT = iphoneos;
				SWIFT_ACTIVE_COMPILATION_CONDITIONS = "DEBUG $(inherited)";
				SWIFT_OPTIMIZATION_LEVEL = "-Onone";
			};
			name = Debug;
		};
		5BEAF3B92B538F0000C8BB6F /* Release */ = {
			isa = XCBuildConfiguration;
			buildSettings = {
				ALWAYS_SEARCH_USER_PATHS = NO;
				ASSETCATALOG_COMPILER_GENERATE_SWIFT_ASSET_SYMBOL_EXTENSIONS = YES;
				CLANG_ANALYZER_NONNULL = YES;
				CLANG_ANALYZER_NUMBER_OBJECT_CONVERSION = YES_AGGRESSIVE;
				CLANG_CXX_LANGUAGE_STANDARD = "gnu++20";
				CLANG_ENABLE_MODULES = YES;
				CLANG_ENABLE_OBJC_ARC = YES;
				CLANG_ENABLE_OBJC_WEAK = YES;
				CLANG_WARN_BLOCK_CAPTURE_AUTORELEASING = YES;
				CLANG_WARN_BOOL_CONVERSION = YES;
				CLANG_WARN_COMMA = YES;
				CLANG_WARN_CONSTANT_CONVERSION = YES;
				CLANG_WARN_DEPRECATED_OBJC_IMPLEMENTATIONS = YES;
				CLANG_WARN_DIRECT_OBJC_ISA_USAGE = YES_ERROR;
				CLANG_WARN_DOCUMENTATION_COMMENTS = YES;
				CLANG_WARN_EMPTY_BODY = YES;
				CLANG_WARN_ENUM_CONVERSION = YES;
				CLANG_WARN_INFINITE_RECURSION = YES;
				CLANG_WARN_INT_CONVERSION = YES;
				CLANG_WARN_NON_LITERAL_NULL_CONVERSION = YES;
				CLANG_WARN_OBJC_IMPLICIT_RETAIN_SELF = YES;
				CLANG_WARN_OBJC_LITERAL_CONVERSION = YES;
				CLANG_WARN_OBJC_ROOT_CLASS = YES_ERROR;
				CLANG_WARN_QUOTED_INCLUDE_IN_FRAMEWORK_HEADER = YES;
				CLANG_WARN_RANGE_LOOP_ANALYSIS = YES;
				CLANG_WARN_STRICT_PROTOTYPES = YES;
				CLANG_WARN_SUSPICIOUS_MOVE = YES;
				CLANG_WARN_UNGUARDED_AVAILABILITY = YES_AGGRESSIVE;
				CLANG_WARN_UNREACHABLE_CODE = YES;
				CLANG_WARN__DUPLICATE_METHOD_MATCH = YES;
				COPY_PHASE_STRIP = NO;
				DEBUG_INFORMATION_FORMAT = "dwarf-with-dsym";
				ENABLE_NS_ASSERTIONS = NO;
				ENABLE_STRICT_OBJC_MSGSEND = YES;
				ENABLE_USER_SCRIPT_SANDBOXING = YES;
				GCC_C_LANGUAGE_STANDARD = gnu17;
				GCC_NO_COMMON_BLOCKS = YES;
				GCC_WARN_64_TO_32_BIT_CONVERSION = YES;
				GCC_WARN_ABOUT_RETURN_TYPE = YES_ERROR;
				GCC_WARN_UNDECLARED_SELECTOR = YES;
				GCC_WARN_UNINITIALIZED_AUTOS = YES_AGGRESSIVE;
				GCC_WARN_UNUSED_FUNCTION = YES;
				GCC_WARN_UNUSED_VARIABLE = YES;
				IPHONEOS_DEPLOYMENT_TARGET = 17.2;
				LOCALIZATION_PREFERS_STRING_CATALOGS = YES;
				MTL_ENABLE_DEBUG_INFO = NO;
				MTL_FAST_MATH = YES;
				SDKROOT = iphoneos;
				SWIFT_COMPILATION_MODE = wholemodule;
				VALIDATE_PRODUCT = YES;
			};
			name = Release;
		};
		5BEAF3BB2B538F0000C8BB6F /* Debug */ = {
			isa = XCBuildConfiguration;
			buildSettings = {
				ASSETCATALOG_COMPILER_APPICON_NAME = AppIcon;
				ASSETCATALOG_COMPILER_GLOBAL_ACCENT_COLOR_NAME = AccentColor;
				CODE_SIGN_STYLE = Automatic;
				CURRENT_PROJECT_VERSION = 1;
				DEVELOPMENT_TEAM = KLQU7UH9UP;
				GENERATE_INFOPLIST_FILE = YES;
				INFOPLIST_FILE = TravelTalk/Info.plist;
				INFOPLIST_KEY_UIApplicationSupportsIndirectInputEvents = YES;
				INFOPLIST_KEY_UILaunchStoryboardName = LaunchScreen;
				INFOPLIST_KEY_UIMainStoryboardFile = Main;
				INFOPLIST_KEY_UISupportedInterfaceOrientations_iPad = "UIInterfaceOrientationPortrait UIInterfaceOrientationPortraitUpsideDown UIInterfaceOrientationLandscapeLeft UIInterfaceOrientationLandscapeRight";
				INFOPLIST_KEY_UISupportedInterfaceOrientations_iPhone = "UIInterfaceOrientationPortrait UIInterfaceOrientationLandscapeLeft UIInterfaceOrientationLandscapeRight";
				LD_RUNPATH_SEARCH_PATHS = (
					"$(inherited)",
					"@executable_path/Frameworks",
				);
				MARKETING_VERSION = 1.0;
				PRODUCT_BUNDLE_IDENTIFIER = com.jeonghi.TravelTalk;
				PRODUCT_NAME = "$(TARGET_NAME)";
				SWIFT_EMIT_LOC_STRINGS = YES;
				SWIFT_VERSION = 5.0;
				TARGETED_DEVICE_FAMILY = "1,2";
			};
			name = Debug;
		};
		5BEAF3BC2B538F0000C8BB6F /* Release */ = {
			isa = XCBuildConfiguration;
			buildSettings = {
				ASSETCATALOG_COMPILER_APPICON_NAME = AppIcon;
				ASSETCATALOG_COMPILER_GLOBAL_ACCENT_COLOR_NAME = AccentColor;
				CODE_SIGN_STYLE = Automatic;
				CURRENT_PROJECT_VERSION = 1;
				DEVELOPMENT_TEAM = KLQU7UH9UP;
				GENERATE_INFOPLIST_FILE = YES;
				INFOPLIST_FILE = TravelTalk/Info.plist;
				INFOPLIST_KEY_UIApplicationSupportsIndirectInputEvents = YES;
				INFOPLIST_KEY_UILaunchStoryboardName = LaunchScreen;
				INFOPLIST_KEY_UIMainStoryboardFile = Main;
				INFOPLIST_KEY_UISupportedInterfaceOrientations_iPad = "UIInterfaceOrientationPortrait UIInterfaceOrientationPortraitUpsideDown UIInterfaceOrientationLandscapeLeft UIInterfaceOrientationLandscapeRight";
				INFOPLIST_KEY_UISupportedInterfaceOrientations_iPhone = "UIInterfaceOrientationPortrait UIInterfaceOrientationLandscapeLeft UIInterfaceOrientationLandscapeRight";
				LD_RUNPATH_SEARCH_PATHS = (
					"$(inherited)",
					"@executable_path/Frameworks",
				);
				MARKETING_VERSION = 1.0;
				PRODUCT_BUNDLE_IDENTIFIER = com.jeonghi.TravelTalk;
				PRODUCT_NAME = "$(TARGET_NAME)";
				SWIFT_EMIT_LOC_STRINGS = YES;
				SWIFT_VERSION = 5.0;
				TARGETED_DEVICE_FAMILY = "1,2";
			};
			name = Release;
		};
/* End XCBuildConfiguration section */

/* Begin XCConfigurationList section */
		5BEAF3A12B538EFF00C8BB6F /* Build configuration list for PBXProject "TravelTalk" */ = {
			isa = XCConfigurationList;
			buildConfigurations = (
				5BEAF3B82B538F0000C8BB6F /* Debug */,
				5BEAF3B92B538F0000C8BB6F /* Release */,
			);
			defaultConfigurationIsVisible = 0;
			defaultConfigurationName = Release;
		};
		5BEAF3BA2B538F0000C8BB6F /* Build configuration list for PBXNativeTarget "TravelTalk" */ = {
			isa = XCConfigurationList;
			buildConfigurations = (
				5BEAF3BB2B538F0000C8BB6F /* Debug */,
				5BEAF3BC2B538F0000C8BB6F /* Release */,
			);
			defaultConfigurationIsVisible = 0;
			defaultConfigurationName = Release;
		};
/* End XCConfigurationList section */

/* Begin XCRemoteSwiftPackageReference section */
		5BEAF3BD2B53B21600C8BB6F /* XCRemoteSwiftPackageReference "Kingfisher" */ = {
			isa = XCRemoteSwiftPackageReference;
			repositoryURL = "https://github.com/onevcat/Kingfisher.git";
			requirement = {
				kind = upToNextMajorVersion;
				minimumVersion = 7.10.2;
			};
		};
/* End XCRemoteSwiftPackageReference section */

/* Begin XCSwiftPackageProductDependency section */
		5BEAF3BE2B53B21600C8BB6F /* Kingfisher */ = {
			isa = XCSwiftPackageProductDependency;
			package = 5BEAF3BD2B53B21600C8BB6F /* XCRemoteSwiftPackageReference "Kingfisher" */;
			productName = Kingfisher;
		};
/* End XCSwiftPackageProductDependency section */
	};
	rootObject = 5BEAF39E2B538EFF00C8BB6F /* Project object */;
}
